<Solution>
  <Folder Name="/Data/">
    <Project Path="../MovieTracker.Data.Models/MovieTracker.Data.Models.csproj" Id="d21a80d3-cc1e-4e5f-8cde-efcfab501eed" />
    <Project Path="../MovieTracker.Data/MovieTracker.Data.csproj" Id="fdd67220-2cc4-40a3-913b-d2c2e097a239" />
  </Folder>
  <Folder Name="/Services/">
    <Project Path="../MovieTracker.Services.Core/MovieTracker.Services.Core.csproj" Id="5fdaa00b-e611-41f0-92e8-adfe2ac04e3e" />
  </Folder>
  <Folder Name="/Web/">
    <Project Path="../MovieTracker.ViewModels/MovieTracker.ViewModels.csproj" Id="e8c21d05-bc6b-40b9-b890-0eb0b3d312db" />
    <Project Path="MovieTracker.csproj" />
  </Folder>
  <Project Path="../MovieTracker.GCommon/MovieTracker.GCommon.csproj" Id="9b0fcd46-e1e3-446f-ad8d-dd4525e1be64" />
</Solution>
