<Solution>
  <Folder Name="/Data/">
    <Project Path="../MovieTracker.Data.Models/MovieTracker.Data.Models.csproj" Id="27543cf3-8ed4-4d7a-8596-3820f8c7ffbb" />
    <Project Path="../MovieTracker.Data/MovieTracker.Data.csproj" Id="ce38ed68-66ba-408b-b375-fdbd90fbea3a" />
  </Folder>
  <Folder Name="/Services/">
    <Project Path="../MovieTracker.Services/MovieTracker.Services.csproj" Id="097d1fec-f0fc-4ee0-bc6c-57b2cccaa996" />
  </Folder>
  <Folder Name="/Web/">
    <Project Path="../MovieTracker.ViewModels/MovieTracker.ViewModels.csproj" Id="0363bc3d-a6fa-43c8-8168-295e73d73cd8" />
    <Project Path="MovieTracker.csproj" />
  </Folder>
  <Project Path="../MovieTracker.GCommon/MovieTracker.GCommon.csproj" Id="0905c4b9-e5cc-43ce-8764-90e44bd70125" />
  <Project Path="../MovieTracker.Tests/MovieTracker.Tests.csproj" Id="95517faf-b680-4b1d-9fd2-e4c78871ac45" />
</Solution>
